
Microsoft Visual Studio Solution File, Format Version 12.00
# Visual Studio Version 17
VisualStudioVersion = 17.0.31825.309
MinimumVisualStudioVersion = 10.0.40219.1
Project("{9A19103F-16F7-4668-BE54-9A1E7A4F7556}") = "ContactWebEFCore6", "ContactWebEFCore6\ContactWebEFCore6.csproj", "{8E70D833-561C-4011-92CB-41CA8D143243}"
EndProject
Project("{9A19103F-16F7-4668-BE54-9A1E7A4F7556}") = "ContactWebModels", "ContactWebModels\ContactWebModels.csproj", "{57F16376-4929-4CD9-900F-1A4171F30C4A}"
EndProject
Project("{9A19103F-16F7-4668-BE54-9A1E7A4F7556}") = "MyContactManagerData", "MyContactManagerData\MyContactManagerData.csproj", "{CB246CDA-C99C-448E-9B0D-805AF669BEB6}"
EndProject
Project("{FAE04EC0-301F-11D3-BF4B-00C04F79EFBC}") = "MyContactManagerRepositories", "MyContactManagerRepositories\MyContactManagerRepositories.csproj", "{CB5FAF81-B385-4095-9E47-1F20DFFFB800}"
EndProject
Project("{FAE04EC0-301F-11D3-BF4B-00C04F79EFBC}") = "MyContactManagerServices", "MyContactManagerServices\MyContactManagerServices.csproj", "{A1B9CB2B-3427-48ED-86EF-773054A64FC8}"
EndProject
Project("{FAE04EC0-301F-11D3-BF4B-00C04F79EFBC}") = "MyContactManagerUnitTests", "MyContactManagerUnitTests\MyContactManagerUnitTests.csproj", "{CB28918A-E9BA-4337-B2B6-0DECC8B05D55}"
EndProject
Project("{FAE04EC0-301F-11D3-BF4B-00C04F79EFBC}") = "MyContactManagerIntegrationTests", "MyContactManagerIntegrationTests\MyContactManagerIntegrationTests.csproj", "{6278D26E-3A0A-4D4D-8F0C-7270D98292C4}"
EndProject
Global
	GlobalSection(SolutionConfigurationPlatforms) = preSolution
		Debug|Any CPU = Debug|Any CPU
		Release|Any CPU = Release|Any CPU
	EndGlobalSection
	GlobalSection(ProjectConfigurationPlatforms) = postSolution
		{8E70D833-561C-4011-92CB-41CA8D143243}.Debug|Any CPU.ActiveCfg = Debug|Any CPU
		{8E70D833-561C-4011-92CB-41CA8D143243}.Debug|Any CPU.Build.0 = Debug|Any CPU
		{8E70D833-561C-4011-92CB-41CA8D143243}.Release|Any CPU.ActiveCfg = Release|Any CPU
		{8E70D833-561C-4011-92CB-41CA8D143243}.Release|Any CPU.Build.0 = Release|Any CPU
		{57F16376-4929-4CD9-900F-1A4171F30C4A}.Debug|Any CPU.ActiveCfg = Debug|Any CPU
		{57F16376-4929-4CD9-900F-1A4171F30C4A}.Debug|Any CPU.Build.0 = Debug|Any CPU
		{57F16376-4929-4CD9-900F-1A4171F30C4A}.Release|Any CPU.ActiveCfg = Release|Any CPU
		{57F16376-4929-4CD9-900F-1A4171F30C4A}.Release|Any CPU.Build.0 = Release|Any CPU
		{CB246CDA-C99C-448E-9B0D-805AF669BEB6}.Debug|Any CPU.ActiveCfg = Debug|Any CPU
		{CB246CDA-C99C-448E-9B0D-805AF669BEB6}.Debug|Any CPU.Build.0 = Debug|Any CPU
		{CB246CDA-C99C-448E-9B0D-805AF669BEB6}.Release|Any CPU.ActiveCfg = Release|Any CPU
		{CB246CDA-C99C-448E-9B0D-805AF669BEB6}.Release|Any CPU.Build.0 = Release|Any CPU
		{CB5FAF81-B385-4095-9E47-1F20DFFFB800}.Debug|Any CPU.ActiveCfg = Debug|Any CPU
		{CB5FAF81-B385-4095-9E47-1F20DFFFB800}.Debug|Any CPU.Build.0 = Debug|Any CPU
		{CB5FAF81-B385-4095-9E47-1F20DFFFB800}.Release|Any CPU.ActiveCfg = Release|Any CPU
		{CB5FAF81-B385-4095-9E47-1F20DFFFB800}.Release|Any CPU.Build.0 = Release|Any CPU
		{A1B9CB2B-3427-48ED-86EF-773054A64FC8}.Debug|Any CPU.ActiveCfg = Debug|Any CPU
		{A1B9CB2B-3427-48ED-86EF-773054A64FC8}.Debug|Any CPU.Build.0 = Debug|Any CPU
		{A1B9CB2B-3427-48ED-86EF-773054A64FC8}.Release|Any CPU.ActiveCfg = Release|Any CPU
		{A1B9CB2B-3427-48ED-86EF-773054A64FC8}.Release|Any CPU.Build.0 = Release|Any CPU
		{CB28918A-E9BA-4337-B2B6-0DECC8B05D55}.Debug|Any CPU.ActiveCfg = Debug|Any CPU
		{CB28918A-E9BA-4337-B2B6-0DECC8B05D55}.Debug|Any CPU.Build.0 = Debug|Any CPU
		{CB28918A-E9BA-4337-B2B6-0DECC8B05D55}.Release|Any CPU.ActiveCfg = Release|Any CPU
		{CB28918A-E9BA-4337-B2B6-0DECC8B05D55}.Release|Any CPU.Build.0 = Release|Any CPU
		{6278D26E-3A0A-4D4D-8F0C-7270D98292C4}.Debug|Any CPU.ActiveCfg = Debug|Any CPU
		{6278D26E-3A0A-4D4D-8F0C-7270D98292C4}.Debug|Any CPU.Build.0 = Debug|Any CPU
		{6278D26E-3A0A-4D4D-8F0C-7270D98292C4}.Release|Any CPU.ActiveCfg = Release|Any CPU
		{6278D26E-3A0A-4D4D-8F0C-7270D98292C4}.Release|Any CPU.Build.0 = Release|Any CPU
	EndGlobalSection
	GlobalSection(SolutionProperties) = preSolution
		HideSolutionNode = FALSE
	EndGlobalSection
	GlobalSection(ExtensibilityGlobals) = postSolution
		SolutionGuid = {514EB0F8-4333-476D-B5CC-3DFB23CDAFEF}
	EndGlobalSection
EndGlobal
